# This file is automatically @generated by Cargo.
# It is not intended for manual editing.
version = 4

[[package]]
name = "cli"
version = "0.1.0"
dependencies = [
 "code_generation",
 "estree",
 "parser",
 "proto",
 "transpiler",
]

[[package]]
name = "code_generation"
version = "0.1.0"
dependencies = [
 "estree",
]

[[package]]
name = "end_to_end"
version = "0.1.0"
dependencies = [
 "code_generation",
 "estree",
 "parser",
 "proto",
 "transpiler",
]

[[package]]
name = "estree"
version = "0.1.0"

[[package]]
name = "from"
version = "0.1.0"

[[package]]
name = "lexer"
version = "0.1.0"
dependencies = [
 "token",
]

[[package]]
name = "parser"
version = "0.1.0"
dependencies = [
 "lexer",
 "proto",
 "token",
]

[[package]]
name = "proto"
version = "0.1.0"

[[package]]
name = "token"
version = "0.1.0"

[[package]]
name = "transpiler"
version = "0.1.0"
dependencies = [
 "estree",
 "proto",
]
